
Microsoft Visual Studio Solution File, Format Version 12.00
# Visual Studio 15
VisualStudioVersion = 15.0.28307.757
MinimumVisualStudioVersion = 10.0.40219.1
Project("{FAE04EC0-301F-11D3-BF4B-00C04F79EFBC}") = "agenda", "agenda\agenda.csproj", "{04A378FE-6161-4E15-A0AA-0404A58D9221}"
EndProject
Global
	GlobalSection(SolutionConfigurationPlatforms) = preSolution
		Debug|Any CPU = Debug|Any CPU
		Release|Any CPU = Release|Any CPU
	EndGlobalSection
	GlobalSection(ProjectConfigurationPlatforms) = postSolution
		{04A378FE-6161-4E15-A0AA-0404A58D9221}.Debug|Any CPU.ActiveCfg = Debug|Any CPU
		{04A378FE-6161-4E15-A0AA-0404A58D9221}.Debug|Any CPU.Build.0 = Debug|Any CPU
		{04A378FE-6161-4E15-A0AA-0404A58D9221}.Release|Any CPU.ActiveCfg = Release|Any CPU
		{04A378FE-6161-4E15-A0AA-0404A58D9221}.Release|Any CPU.Build.0 = Release|Any CPU
	EndGlobalSection
	GlobalSection(SolutionProperties) = preSolution
		HideSolutionNode = FALSE
	EndGlobalSection
	GlobalSection(ExtensibilityGlobals) = postSolution
		SolutionGuid = {6F38AC85-4EA9-4A3E-AC7D-5D641BD17F9D}
	EndGlobalSection
EndGlobal
